// !$*UTF8*$!
{
	archiveVersion = 1;
	classes = {
	};
	objectVersion = 46;
	objects = {

/* Begin PBXBuildFile section */
		89B123DA1D225C0E00F2FDBD /* Conv.cpp in Sources */ = {isa = PBXBuildFile; fileRef = 89B123CE1D225C0E00F2FDBD /* Conv.cpp */; };
		89B123DB1D225C0E00F2FDBD /* Log.cpp in Sources */ = {isa = PBXBuildFile; fileRef = 89B123D11D225C0E00F2FDBD /* Log.cpp */; };
		89B123DC1D225C0E00F2FDBD /* main.cpp in Sources */ = {isa = PBXBuildFile; fileRef = 89B123D31D225C0E00F2FDBD /* main.cpp */; };
		89B123DD1D225C0E00F2FDBD /* Mutex.cpp in Sources */ = {isa = PBXBuildFile; fileRef = 89B123D41D225C0E00F2FDBD /* Mutex.cpp */; };
		89B123DE1D225C0E00F2FDBD /* Thread.cpp in Sources */ = {isa = PBXBuildFile; fileRef = 89B123D61D225C0E00F2FDBD /* Thread.cpp */; };
		89B123DF1D225C0E00F2FDBD /* Time.cpp in Sources */ = {isa = PBXBuildFile; fileRef = 89B123D81D225C0E00F2FDBD /* Time.cpp */; };
/* End PBXBuildFile section */

/* Begin PBXCopyFilesBuildPhase section */
		89BD68A71D225BA400583DE5 /* CopyFiles */ = {
			isa = PBXCopyFilesBuildPhase;
			buildActionMask = 2147483647;
			dstPath = /usr/share/man/man1/;
			dstSubfolderSpec = 0;
			files = (
			);
			runOnlyForDeploymentPostprocessing = 1;
		};
/* End PBXCopyFilesBuildPhase section */

/* Begin PBXFileReference section */
		89B123CE1D225C0E00F2FDBD /* Conv.cpp */ = {isa = PBXFileReference; fileEncoding = 4; lastKnownFileType = sourcecode.cpp.cpp; name = Conv.cpp; path = ../../src/Conv.cpp; sourceTree = "<group>"; };
		89B123CF1D225C0E00F2FDBD /* Conv.h */ = {isa = PBXFileReference; fileEncoding = 4; lastKnownFileType = sourcecode.c.h; name = Conv.h; path = ../../src/Conv.h; sourceTree = "<group>"; };
		89B123D01D225C0E00F2FDBD /* Global.h */ = {isa = PBXFileReference; fileEncoding = 4; lastKnownFileType = sourcecode.c.h; name = Global.h; path = ../../src/Global.h; sourceTree = "<group>"; };
		89B123D11D225C0E00F2FDBD /* Log.cpp */ = {isa = PBXFileReference; fileEncoding = 4; lastKnownFileType = sourcecode.cpp.cpp; name = Log.cpp; path = ../../src/Log.cpp; sourceTree = "<group>"; };
		89B123D21D225C0E00F2FDBD /* Log.h */ = {isa = PBXFileReference; fileEncoding = 4; lastKnownFileType = sourcecode.c.h; name = Log.h; path = ../../src/Log.h; sourceTree = "<group>"; };
		89B123D31D225C0E00F2FDBD /* main.cpp */ = {isa = PBXFileReference; fileEncoding = 4; lastKnownFileType = sourcecode.cpp.cpp; name = main.cpp; path = ../../src/main.cpp; sourceTree = "<group>"; };
		89B123D41D225C0E00F2FDBD /* Mutex.cpp */ = {isa = PBXFileReference; fileEncoding = 4; lastKnownFileType = sourcecode.cpp.cpp; name = Mutex.cpp; path = ../../src/Mutex.cpp; sourceTree = "<group>"; };
		89B123D51D225C0E00F2FDBD /* Mutex.h */ = {isa = PBXFileReference; fileEncoding = 4; lastKnownFileType = sourcecode.c.h; name = Mutex.h; path = ../../src/Mutex.h; sourceTree = "<group>"; };
		89B123D61D225C0E00F2FDBD /* Thread.cpp */ = {isa = PBXFileReference; fileEncoding = 4; lastKnownFileType = sourcecode.cpp.cpp; name = Thread.cpp; path = ../../src/Thread.cpp; sourceTree = "<group>"; };
		89B123D71D225C0E00F2FDBD /* Thread.h */ = {isa = PBXFileReference; fileEncoding = 4; lastKnownFileType = sourcecode.c.h; name = Thread.h; path = ../../src/Thread.h; sourceTree = "<group>"; };
		89B123D81D225C0E00F2FDBD /* Time.cpp */ = {isa = PBXFileReference; fileEncoding = 4; lastKnownFileType = sourcecode.cpp.cpp; name = Time.cpp; path = ../../src/Time.cpp; sourceTree = "<group>"; };
		89B123D91D225C0E00F2FDBD /* Time.h */ = {isa = PBXFileReference; fileEncoding = 4; lastKnownFileType = sourcecode.c.h; name = Time.h; path = ../../src/Time.h; sourceTree = "<group>"; };
		89BD68A91D225BA400583DE5 /* Threads */ = {isa = PBXFileReference; explicitFileType = "compiled.mach-o.executable"; includeInIndex = 0; path = Threads; sourceTree = BUILT_PRODUCTS_DIR; };
/* End PBXFileReference section */

/* Begin PBXFrameworksBuildPhase section */
		89BD68A61D225BA400583DE5 /* Frameworks */ = {
			isa = PBXFrameworksBuildPhase;
			buildActionMask = 2147483647;
			files = (
			);
			runOnlyForDeploymentPostprocessing = 0;
		};
/* End PBXFrameworksBuildPhase section */

/* Begin PBXGroup section */
		89BD68A01D225BA400583DE5 = {
			isa = PBXGroup;
			children = (
				89B123CE1D225C0E00F2FDBD /* Conv.cpp */,
				89B123CF1D225C0E00F2FDBD /* Conv.h */,
				89B123D01D225C0E00F2FDBD /* Global.h */,
				89B123D11D225C0E00F2FDBD /* Log.cpp */,
				89B123D21D225C0E00F2FDBD /* Log.h */,
				89B123D31D225C0E00F2FDBD /* main.cpp */,
				89B123D41D225C0E00F2FDBD /* Mutex.cpp */,
				89B123D51D225C0E00F2FDBD /* Mutex.h */,
				89B123D61D225C0E00F2FDBD /* Thread.cpp */,
				89B123D71D225C0E00F2FDBD /* Thread.h */,
				89B123D81D225C0E00F2FDBD /* Time.cpp */,
				89B123D91D225C0E00F2FDBD /* Time.h */,
				89BD68AA1D225BA400583DE5 /* Products */,
			);
			sourceTree = "<group>";
		};
		89BD68AA1D225BA400583DE5 /* Products */ = {
			isa = PBXGroup;
			children = (
				89BD68A91D225BA400583DE5 /* Threads */,
			);
			name = Products;
			sourceTree = "<group>";
		};
/* End PBXGroup section */

/* Begin PBXNativeTarget section */
		89BD68A81D225BA400583DE5 /* Threads */ = {
			isa = PBXNativeTarget;
			buildConfigurationList = 89BD68B01D225BA400583DE5 /* Build configuration list for PBXNativeTarget "Threads" */;
			buildPhases = (
				89BD68A51D225BA400583DE5 /* Sources */,
				89BD68A61D225BA400583DE5 /* Frameworks */,
				89BD68A71D225BA400583DE5 /* CopyFiles */,
			);
			buildRules = (
			);
			dependencies = (
			);
			name = Threads;
			productName = Threads;
			productReference = 89BD68A91D225BA400583DE5 /* Threads */;
			productType = "com.apple.product-type.tool";
		};
/* End PBXNativeTarget section */

/* Begin PBXProject section */
		89BD68A11D225BA400583DE5 /* Project object */ = {
			isa = PBXProject;
			attributes = {
				LastUpgradeCheck = 0730;
				ORGANIZATIONNAME = "Robert Hucko";
				TargetAttributes = {
					89BD68A81D225BA400583DE5 = {
						CreatedOnToolsVersion = 7.3.1;
					};
				};
			};
			buildConfigurationList = 89BD68A41D225BA400583DE5 /* Build configuration list for PBXProject "Threads" */;
			compatibilityVersion = "Xcode 3.2";
			developmentRegion = English;
			hasScannedForEncodings = 0;
			knownRegions = (
				en,
			);
			mainGroup = 89BD68A01D225BA400583DE5;
			productRefGroup = 89BD68AA1D225BA400583DE5 /* Products */;
			projectDirPath = "";
			projectRoot = "";
			targets = (
				89BD68A81D225BA400583DE5 /* Threads */,
			);
		};
/* End PBXProject section */

/* Begin PBXSourcesBuildPhase section */
		89BD68A51D225BA400583DE5 /* Sources */ = {
			isa = PBXSourcesBuildPhase;
			buildActionMask = 2147483647;
			files = (
				89B123DF1D225C0E00F2FDBD /* Time.cpp in Sources */,
				89B123DB1D225C0E00F2FDBD /* Log.cpp in Sources */,
				89B123DD1D225C0E00F2FDBD /* Mutex.cpp in Sources */,
				89B123DA1D225C0E00F2FDBD /* Conv.cpp in Sources */,
				89B123DE1D225C0E00F2FDBD /* Thread.cpp in Sources */,
				89B123DC1D225C0E00F2FDBD /* main.cpp in Sources */,
			);
			runOnlyForDeploymentPostprocessing = 0;
		};
/* End PBXSourcesBuildPhase section */

/* Begin XCBuildConfiguration section */
		89BD68AE1D225BA400583DE5 /* Debug */ = {
			isa = XCBuildConfiguration;
			buildSettings = {
				ALWAYS_SEARCH_USER_PATHS = NO;
				CLANG_ANALYZER_NONNULL = YES;
				CLANG_CXX_LANGUAGE_STANDARD = "gnu++0x";
				CLANG_CXX_LIBRARY = "libc++";
				CLANG_ENABLE_MODULES = YES;
				CLANG_ENABLE_OBJC_ARC = YES;
				CLANG_WARN_BOOL_CONVERSION = YES;
				CLANG_WARN_CONSTANT_CONVERSION = YES;
				CLANG_WARN_DIRECT_OBJC_ISA_USAGE = YES_ERROR;
				CLANG_WARN_EMPTY_BODY = YES;
				CLANG_WARN_ENUM_CONVERSION = YES;
				CLANG_WARN_INT_CONVERSION = YES;
				CLANG_WARN_OBJC_ROOT_CLASS = YES_ERROR;
				CLANG_WARN_UNREACHABLE_CODE = YES;
				CLANG_WARN__DUPLICATE_METHOD_MATCH = YES;
				CODE_SIGN_IDENTITY = "-";
				COPY_PHASE_STRIP = NO;
				DEBUG_INFORMATION_FORMAT = dwarf;
				ENABLE_STRICT_OBJC_MSGSEND = YES;
				ENABLE_TESTABILITY = YES;
				GCC_C_LANGUAGE_STANDARD = gnu99;
				GCC_DYNAMIC_NO_PIC = NO;
				GCC_NO_COMMON_BLOCKS = YES;
				GCC_OPTIMIZATION_LEVEL = 0;
				GCC_PREPROCESSOR_DEFINITIONS = (
					"DEBUG=1",
					"$(inherited)",
				);
				GCC_WARN_64_TO_32_BIT_CONVERSION = YES;
				GCC_WARN_ABOUT_RETURN_TYPE = YES_ERROR;
				GCC_WARN_UNDECLARED_SELECTOR = YES;
				GCC_WARN_UNINITIALIZED_AUTOS = YES_AGGRESSIVE;
				GCC_WARN_UNUSED_FUNCTION = YES;
				GCC_WARN_UNUSED_VARIABLE = YES;
				MACOSX_DEPLOYMENT_TARGET = 10.11;
				MTL_ENABLE_DEBUG_INFO = YES;
				ONLY_ACTIVE_ARCH = YES;
				SDKROOT = macosx;
			};
			name = Debug;
		};
		89BD68AF1D225BA400583DE5 /* Release */ = {
			isa = XCBuildConfiguration;
			buildSettings = {
				ALWAYS_SEARCH_USER_PATHS = NO;
				CLANG_ANALYZER_NONNULL = YES;
				CLANG_CXX_LANGUAGE_STANDARD = "gnu++0x";
				CLANG_CXX_LIBRARY = "libc++";
				CLANG_ENABLE_MODULES = YES;
				CLANG_ENABLE_OBJC_ARC = YES;
				CLANG_WARN_BOOL_CONVERSION = YES;
				CLANG_WARN_CONSTANT_CONVERSION = YES;
				CLANG_WARN_DIRECT_OBJC_ISA_USAGE = YES_ERROR;
				CLANG_WARN_EMPTY_BODY = YES;
				CLANG_WARN_ENUM_CONVERSION = YES;
				CLANG_WARN_INT_CONVERSION = YES;
				CLANG_WARN_OBJC_ROOT_CLASS = YES_ERROR;
				CLANG_WARN_UNREACHABLE_CODE = YES;
				CLANG_WARN__DUPLICATE_METHOD_MATCH = YES;
				CODE_SIGN_IDENTITY = "-";
				COPY_PHASE_STRIP = NO;
				DEBUG_INFORMATION_FORMAT = "dwarf-with-dsym";
				ENABLE_NS_ASSERTIONS = NO;
				ENABLE_STRICT_OBJC_MSGSEND = YES;
				GCC_C_LANGUAGE_STANDARD = gnu99;
				GCC_NO_COMMON_BLOCKS = YES;
				GCC_WARN_64_TO_32_BIT_CONVERSION = YES;
				GCC_WARN_ABOUT_RETURN_TYPE = YES_ERROR;
				GCC_WARN_UNDECLARED_SELECTOR = YES;
				GCC_WARN_UNINITIALIZED_AUTOS = YES_AGGRESSIVE;
				GCC_WARN_UNUSED_FUNCTION = YES;
				GCC_WARN_UNUSED_VARIABLE = YES;
				MACOSX_DEPLOYMENT_TARGET = 10.11;
				MTL_ENABLE_DEBUG_INFO = NO;
				SDKROOT = macosx;
			};
			name = Release;
		};
		89BD68B11D225BA400583DE5 /* Debug */ = {
			isa = XCBuildConfiguration;
			buildSettings = {
				PRODUCT_NAME = "$(TARGET_NAME)";
			};
			name = Debug;
		};
		89BD68B21D225BA400583DE5 /* Release */ = {
			isa = XCBuildConfiguration;
			buildSettings = {
				PRODUCT_NAME = "$(TARGET_NAME)";
			};
			name = Release;
		};
/* End XCBuildConfiguration section */

/* Begin XCConfigurationList section */
		89BD68A41D225BA400583DE5 /* Build configuration list for PBXProject "Threads" */ = {
			isa = XCConfigurationList;
			buildConfigurations = (
				89BD68AE1D225BA400583DE5 /* Debug */,
				89BD68AF1D225BA400583DE5 /* Release */,
			);
			defaultConfigurationIsVisible = 0;
			defaultConfigurationName = Release;
		};
		89BD68B01D225BA400583DE5 /* Build configuration list for PBXNativeTarget "Threads" */ = {
			isa = XCConfigurationList;
			buildConfigurations = (
				89BD68B11D225BA400583DE5 /* Debug */,
				89BD68B21D225BA400583DE5 /* Release */,
			);
			defaultConfigurationIsVisible = 0;
			defaultConfigurationName = Release;
		};
/* End XCConfigurationList section */
	};
	rootObject = 89BD68A11D225BA400583DE5 /* Project object */;
}
