
Microsoft Visual Studio Solution File, Format Version 11.00
# Visual Studio 2010
Project("{8BC9CEB8-8B4A-11D0-8D11-00A0C91BC942}") = "Threads", "Threads.vcxproj", "{D9D06AAD-5A40-4467-AD53-29A6E13CDC89}"
EndProject
Global
	GlobalSection(SolutionConfigurationPlatforms) = preSolution
		Debug|Win32 = Debug|Win32
		Release|Win32 = Release|Win32
	EndGlobalSection
	GlobalSection(ProjectConfigurationPlatforms) = postSolution
		{D9D06AAD-5A40-4467-AD53-29A6E13CDC89}.Debug|Win32.ActiveCfg = Debug|Win32
		{D9D06AAD-5A40-4467-AD53-29A6E13CDC89}.Debug|Win32.Build.0 = Debug|Win32
		{D9D06AAD-5A40-4467-AD53-29A6E13CDC89}.Release|Win32.ActiveCfg = Release|Win32
		{D9D06AAD-5A40-4467-AD53-29A6E13CDC89}.Release|Win32.Build.0 = Release|Win32
	EndGlobalSection
	GlobalSection(SolutionProperties) = preSolution
		HideSolutionNode = FALSE
	EndGlobalSection
EndGlobal
